Microsoft Visual Studio Solution File, Format Version 11.00
# Visual Studio 2008

Project("{43B5C917-5984-C071-F30B-873FDCE0A000}") = "current", "Assembly-CSharp.csproj", "{FF821306-DF09-F15B-DCC2-B6582AD5BD7A}"
EndProject
Project("{43B5C917-5984-C071-F30B-873FDCE0A000}") = "current", "Assembly-UnityScript.unityproj", "{538360A1-2933-6B9D-38AF-2BD976902031}"
EndProject
Global
	GlobalSection(SolutionConfigurationPlatforms) = preSolution
		Debug|Any CPU = Debug|Any CPU
		Release|Any CPU = Release|Any CPU
	EndGlobalSection
	GlobalSection(ProjectConfigurationPlatforms) = postSolution
		{FF821306-DF09-F15B-DCC2-B6582AD5BD7A}.Debug|Any CPU.ActiveCfg = Debug|Any CPU
		{FF821306-DF09-F15B-DCC2-B6582AD5BD7A}.Debug|Any CPU.Build.0 = Debug|Any CPU
		{FF821306-DF09-F15B-DCC2-B6582AD5BD7A}.Release|Any CPU.ActiveCfg = Release|Any CPU
		{FF821306-DF09-F15B-DCC2-B6582AD5BD7A}.Release|Any CPU.Build.0 = Release|Any CPU
		{538360A1-2933-6B9D-38AF-2BD976902031}.Debug|Any CPU.ActiveCfg = Debug|Any CPU
		{538360A1-2933-6B9D-38AF-2BD976902031}.Debug|Any CPU.Build.0 = Debug|Any CPU
		{538360A1-2933-6B9D-38AF-2BD976902031}.Release|Any CPU.ActiveCfg = Release|Any CPU
		{538360A1-2933-6B9D-38AF-2BD976902031}.Release|Any CPU.Build.0 = Release|Any CPU
	EndGlobalSection
	GlobalSection(SolutionProperties) = preSolution
		HideSolutionNode = FALSE
	EndGlobalSection
											GlobalSection(MonoDevelopProperties) = preSolution
		StartupItem = Assembly-CSharp.csproj
		Policies = $0
		$0.TextStylePolicy = $1
		$1.inheritsSet = null
		$1.scope = text/x-csharp
		$0.CSharpFormattingPolicy = $2
		$2.inheritsSet = Mono
		$2.inheritsScope = text/x-csharp
		$2.scope = text/x-csharp
		$0.TextStylePolicy = $3
		$3.FileWidth = 120
		$3.TabWidth = 4
		$3.EolMarker = Unix
		$3.inheritsSet = Mono
		$3.inheritsScope = text/plain
		$3.scope = text/plain
	EndGlobalSection

EndGlobal
